
Microsoft Visual Studio Solution File, Format Version 12.00
# Visual Studio Version 17
VisualStudioVersion = 17.3.32901.215
MinimumVisualStudioVersion = 10.0.40219.1
Project("{FAE04EC0-301F-11D3-BF4B-00C04F79EFBC}") = "GC-6", "GC-6\GC-6.csproj", "{E240C326-5C02-4D9F-921A-C9A0450E1F77}"
EndProject
Global
	GlobalSection(SolutionConfigurationPlatforms) = preSolution
		Debug|Any CPU = Debug|Any CPU
		Release|Any CPU = Release|Any CPU
	EndGlobalSection
	GlobalSection(ProjectConfigurationPlatforms) = postSolution
		{E240C326-5C02-4D9F-921A-C9A0450E1F77}.Debug|Any CPU.ActiveCfg = Debug|Any CPU
		{E240C326-5C02-4D9F-921A-C9A0450E1F77}.Debug|Any CPU.Build.0 = Debug|Any CPU
		{E240C326-5C02-4D9F-921A-C9A0450E1F77}.Release|Any CPU.ActiveCfg = Release|Any CPU
		{E240C326-5C02-4D9F-921A-C9A0450E1F77}.Release|Any CPU.Build.0 = Release|Any CPU
	EndGlobalSection
	GlobalSection(SolutionProperties) = preSolution
		HideSolutionNode = FALSE
	EndGlobalSection
	GlobalSection(ExtensibilityGlobals) = postSolution
		SolutionGuid = {2B018E62-A04C-41F2-97C5-09788122A8AF}
	EndGlobalSection
EndGlobal
